{
  "requires": true,
  "lockfileVersion": 1,
  "dependencies": {
    "easycanvas": {
      "version": "0.5.1",
      "resolved": "https://registry.npmjs.org/easycanvas/-/easycanvas-0.5.1.tgz",
      "integrity": "sha512-ZBblTEiD4BDxxTllDry5Kh+rrUgFWvYlUP6NRke1gVrsb519jvxj+6VIOmbD2Nw1VvHHowIXmRVM24cbsmG0tg=="
    }
  }
}
